
Microsoft Visual Studio Solution File, Format Version 12.00
# Visual Studio Version 17
VisualStudioVersion = 17.14.36310.24 d17.14
MinimumVisualStudioVersion = 10.0.40219.1
Project("{FAE04EC0-301F-11D3-BF4B-00C04F79EFBC}") = "FuncParam", "FuncParam\FuncParam.csproj", "{779019F1-E81A-4BA6-9C70-22EC8FCC78E3}"
EndProject
Global
	GlobalSection(SolutionConfigurationPlatforms) = preSolution
		Debug|Any CPU = Debug|Any CPU
		Release|Any CPU = Release|Any CPU
	EndGlobalSection
	GlobalSection(ProjectConfigurationPlatforms) = postSolution
		{779019F1-E81A-4BA6-9C70-22EC8FCC78E3}.Debug|Any CPU.ActiveCfg = Debug|Any CPU
		{779019F1-E81A-4BA6-9C70-22EC8FCC78E3}.Debug|Any CPU.Build.0 = Debug|Any CPU
		{779019F1-E81A-4BA6-9C70-22EC8FCC78E3}.Release|Any CPU.ActiveCfg = Release|Any CPU
		{779019F1-E81A-4BA6-9C70-22EC8FCC78E3}.Release|Any CPU.Build.0 = Release|Any CPU
	EndGlobalSection
	GlobalSection(SolutionProperties) = preSolution
		HideSolutionNode = FALSE
	EndGlobalSection
	GlobalSection(ExtensibilityGlobals) = postSolution
		SolutionGuid = {39CB097C-5F49-4864-AF17-7940ADB98096}
	EndGlobalSection
EndGlobal
