
Microsoft Visual Studio Solution File, Format Version 12.00
# Visual Studio Version 17
VisualStudioVersion = 17.11.35312.102
MinimumVisualStudioVersion = 10.0.40219.1
Project("{FAE04EC0-301F-11D3-BF4B-00C04F79EFBC}") = "NotesManagementAPI", "NotesManagementAPI\NotesManagementAPI.csproj", "{FC34C509-4568-485B-9242-FD4C44777E40}"
EndProject
Global
	GlobalSection(SolutionConfigurationPlatforms) = preSolution
		Debug|Any CPU = Debug|Any CPU
		Release|Any CPU = Release|Any CPU
	EndGlobalSection
	GlobalSection(ProjectConfigurationPlatforms) = postSolution
		{FC34C509-4568-485B-9242-FD4C44777E40}.Debug|Any CPU.ActiveCfg = Debug|Any CPU
		{FC34C509-4568-485B-9242-FD4C44777E40}.Debug|Any CPU.Build.0 = Debug|Any CPU
		{FC34C509-4568-485B-9242-FD4C44777E40}.Release|Any CPU.ActiveCfg = Release|Any CPU
		{FC34C509-4568-485B-9242-FD4C44777E40}.Release|Any CPU.Build.0 = Release|Any CPU
	EndGlobalSection
	GlobalSection(SolutionProperties) = preSolution
		HideSolutionNode = FALSE
	EndGlobalSection
	GlobalSection(ExtensibilityGlobals) = postSolution
		SolutionGuid = {AAFC7B1F-9297-48F6-9EDC-586E0C9FAB54}
	EndGlobalSection
EndGlobal
