
Microsoft Visual Studio Solution File, Format Version 12.00
# Visual Studio Version 17
VisualStudioVersion = 17.14.36327.8 d17.14
MinimumVisualStudioVersion = 10.0.40219.1
Project("{FAE04EC0-301F-11D3-BF4B-00C04F79EFBC}") = "Structures", "Structures.csproj", "{647EF9B6-86A2-48C3-939C-09091AF00679}"
EndProject
Global
	GlobalSection(SolutionConfigurationPlatforms) = preSolution
		Debug|Any CPU = Debug|Any CPU
		Release|Any CPU = Release|Any CPU
	EndGlobalSection
	GlobalSection(ProjectConfigurationPlatforms) = postSolution
		{647EF9B6-86A2-48C3-939C-09091AF00679}.Debug|Any CPU.ActiveCfg = Debug|Any CPU
		{647EF9B6-86A2-48C3-939C-09091AF00679}.Debug|Any CPU.Build.0 = Debug|Any CPU
		{647EF9B6-86A2-48C3-939C-09091AF00679}.Release|Any CPU.ActiveCfg = Release|Any CPU
		{647EF9B6-86A2-48C3-939C-09091AF00679}.Release|Any CPU.Build.0 = Release|Any CPU
	EndGlobalSection
	GlobalSection(SolutionProperties) = preSolution
		HideSolutionNode = FALSE
	EndGlobalSection
	GlobalSection(ExtensibilityGlobals) = postSolution
		SolutionGuid = {375C9F37-4C8B-47E2-A31C-C578F3E46332}
	EndGlobalSection
EndGlobal
