
Microsoft Visual Studio Solution File, Format Version 12.00
# Visual Studio Version 17
VisualStudioVersion = 17.14.36327.8 d17.14
MinimumVisualStudioVersion = 10.0.40219.1
Project("{FAE04EC0-301F-11D3-BF4B-00C04F79EFBC}") = "ClassConstructor", "ClassConstructor.csproj", "{95EC2AD1-4178-4211-85F9-F8D5DF8D764E}"
EndProject
Global
	GlobalSection(SolutionConfigurationPlatforms) = preSolution
		Debug|Any CPU = Debug|Any CPU
		Release|Any CPU = Release|Any CPU
	EndGlobalSection
	GlobalSection(ProjectConfigurationPlatforms) = postSolution
		{95EC2AD1-4178-4211-85F9-F8D5DF8D764E}.Debug|Any CPU.ActiveCfg = Debug|Any CPU
		{95EC2AD1-4178-4211-85F9-F8D5DF8D764E}.Debug|Any CPU.Build.0 = Debug|Any CPU
		{95EC2AD1-4178-4211-85F9-F8D5DF8D764E}.Release|Any CPU.ActiveCfg = Release|Any CPU
		{95EC2AD1-4178-4211-85F9-F8D5DF8D764E}.Release|Any CPU.Build.0 = Release|Any CPU
	EndGlobalSection
	GlobalSection(SolutionProperties) = preSolution
		HideSolutionNode = FALSE
	EndGlobalSection
	GlobalSection(ExtensibilityGlobals) = postSolution
		SolutionGuid = {C58F8535-7601-4951-BD54-8CB7002E00F9}
	EndGlobalSection
EndGlobal
