
Microsoft Visual Studio Solution File, Format Version 12.00
# Visual Studio Version 17
VisualStudioVersion = 17.14.36401.2 d17.14
MinimumVisualStudioVersion = 10.0.40219.1
Project("{FAE04EC0-301F-11D3-BF4B-00C04F79EFBC}") = "TheaterAdmin", "TheaterAdmin.csproj", "{0D7EE2F2-5E07-A151-9508-CF2F7897147B}"
EndProject
Global
	GlobalSection(SolutionConfigurationPlatforms) = preSolution
		Debug|Any CPU = Debug|Any CPU
		Release|Any CPU = Release|Any CPU
	EndGlobalSection
	GlobalSection(ProjectConfigurationPlatforms) = postSolution
		{0D7EE2F2-5E07-A151-9508-CF2F7897147B}.Debug|Any CPU.ActiveCfg = Debug|Any CPU
		{0D7EE2F2-5E07-A151-9508-CF2F7897147B}.Debug|Any CPU.Build.0 = Debug|Any CPU
		{0D7EE2F2-5E07-A151-9508-CF2F7897147B}.Release|Any CPU.ActiveCfg = Release|Any CPU
		{0D7EE2F2-5E07-A151-9508-CF2F7897147B}.Release|Any CPU.Build.0 = Release|Any CPU
	EndGlobalSection
	GlobalSection(SolutionProperties) = preSolution
		HideSolutionNode = FALSE
	EndGlobalSection
	GlobalSection(ExtensibilityGlobals) = postSolution
		SolutionGuid = {560F1BDB-1CC4-4A56-BFCC-00C5166646C2}
	EndGlobalSection
EndGlobal
