
Microsoft Visual Studio Solution File, Format Version 12.00
# Visual Studio Version 17
VisualStudioVersion = 17.11.35312.102
MinimumVisualStudioVersion = 10.0.40219.1
Project("{FAE04EC0-301F-11D3-BF4B-00C04F79EFBC}") = "MovieApplication", "MovieApplication\MovieApplication.csproj", "{58E0A001-443E-4609-A91B-62489140D175}"
EndProject
Global
	GlobalSection(SolutionConfigurationPlatforms) = preSolution
		Debug|Any CPU = Debug|Any CPU
		Release|Any CPU = Release|Any CPU
	EndGlobalSection
	GlobalSection(ProjectConfigurationPlatforms) = postSolution
		{58E0A001-443E-4609-A91B-62489140D175}.Debug|Any CPU.ActiveCfg = Debug|Any CPU
		{58E0A001-443E-4609-A91B-62489140D175}.Debug|Any CPU.Build.0 = Debug|Any CPU
		{58E0A001-443E-4609-A91B-62489140D175}.Release|Any CPU.ActiveCfg = Release|Any CPU
		{58E0A001-443E-4609-A91B-62489140D175}.Release|Any CPU.Build.0 = Release|Any CPU
	EndGlobalSection
	GlobalSection(SolutionProperties) = preSolution
		HideSolutionNode = FALSE
	EndGlobalSection
	GlobalSection(ExtensibilityGlobals) = postSolution
		SolutionGuid = {909EB4EC-DE6C-4ECA-839A-10C29ED5469C}
	EndGlobalSection
EndGlobal
