
Microsoft Visual Studio Solution File, Format Version 12.00
# Visual Studio Version 17
VisualStudioVersion = 17.14.36310.24 d17.14
MinimumVisualStudioVersion = 10.0.40219.1
Project("{FAE04EC0-301F-11D3-BF4B-00C04F79EFBC}") = "ConditionalOperator", "ConditionalOperator\ConditionalOperator.csproj", "{E787C2B4-2114-43B9-9564-A6727456C5D8}"
EndProject
Global
	GlobalSection(SolutionConfigurationPlatforms) = preSolution
		Debug|Any CPU = Debug|Any CPU
		Release|Any CPU = Release|Any CPU
	EndGlobalSection
	GlobalSection(ProjectConfigurationPlatforms) = postSolution
		{E787C2B4-2114-43B9-9564-A6727456C5D8}.Debug|Any CPU.ActiveCfg = Debug|Any CPU
		{E787C2B4-2114-43B9-9564-A6727456C5D8}.Debug|Any CPU.Build.0 = Debug|Any CPU
		{E787C2B4-2114-43B9-9564-A6727456C5D8}.Release|Any CPU.ActiveCfg = Release|Any CPU
		{E787C2B4-2114-43B9-9564-A6727456C5D8}.Release|Any CPU.Build.0 = Release|Any CPU
	EndGlobalSection
	GlobalSection(SolutionProperties) = preSolution
		HideSolutionNode = FALSE
	EndGlobalSection
	GlobalSection(ExtensibilityGlobals) = postSolution
		SolutionGuid = {3386D0C7-3CFB-41DF-A2C3-1BD83ABEB607}
	EndGlobalSection
EndGlobal
