Microsoft Visual Studio Solution File, Format Version 12.00
# Visual Studio Version 17
VisualStudioVersion = 17.5.2.0
MinimumVisualStudioVersion = 10.0.40219.1
Project("{FAE04EC0-301F-11D3-BF4B-00C04F79EFBC}") = "Scope", "Scope.csproj", "{6FC83974-1C4C-427B-2830-5F5A14DDED88}"
EndProject
Global
	GlobalSection(SolutionConfigurationPlatforms) = preSolution
		Debug|Any CPU = Debug|Any CPU
		Release|Any CPU = Release|Any CPU
	EndGlobalSection
	GlobalSection(ProjectConfigurationPlatforms) = postSolution
		{6FC83974-1C4C-427B-2830-5F5A14DDED88}.Debug|Any CPU.ActiveCfg = Debug|Any CPU
		{6FC83974-1C4C-427B-2830-5F5A14DDED88}.Debug|Any CPU.Build.0 = Debug|Any CPU
		{6FC83974-1C4C-427B-2830-5F5A14DDED88}.Release|Any CPU.ActiveCfg = Release|Any CPU
		{6FC83974-1C4C-427B-2830-5F5A14DDED88}.Release|Any CPU.Build.0 = Release|Any CPU
	EndGlobalSection
	GlobalSection(SolutionProperties) = preSolution
		HideSolutionNode = FALSE
	EndGlobalSection
	GlobalSection(ExtensibilityGlobals) = postSolution
		SolutionGuid = {76E2D07F-E01E-4115-B73C-C60D92FECCAF}
	EndGlobalSection
EndGlobal
