Microsoft Visual Studio Solution File, Format Version 12.00
# Visual Studio Version 16
VisualStudioVersion = 16.0.0.0
MinimumVisualStudioVersion = 16.0.0.0
Project("{9A19103F-16F7-4668-BE54-9A1E7A4F7556}") = "BlazorApp3", "BlazorApp3\BlazorApp3.csproj", "{D26C57DF-1939-4C76-8481-99797F5D059B}"
EndProject
Project("{9A19103F-16F7-4668-BE54-9A1E7A4F7556}") = "BlazorApp3.Client", "BlazorApp3.Client\BlazorApp3.Client.csproj", "{83AB305E-9485-43E2-A089-5DB6E829B40D}"
EndProject
Global
	GlobalSection(SolutionConfigurationPlatforms) = preSolution
		Debug|Any CPU = Debug|Any CPU
		Debug|x64 = Debug|x64
		Debug|x86 = Debug|x86
		Release|Any CPU = Release|Any CPU
		Release|x64 = Release|x64
		Release|x86 = Release|x86
	EndGlobalSection
	GlobalSection(ProjectConfigurationPlatforms) = postSolution
		{83AB305E-9485-43E2-A089-5DB6E829B40D}.Debug|Any CPU.ActiveCfg = Debug|Any CPU
		{83AB305E-9485-43E2-A089-5DB6E829B40D}.Debug|Any CPU.Build.0 = Debug|Any CPU
		{83AB305E-9485-43E2-A089-5DB6E829B40D}.Debug|x64.ActiveCfg = Debug|Any CPU
		{83AB305E-9485-43E2-A089-5DB6E829B40D}.Debug|x64.Build.0 = Debug|Any CPU
		{83AB305E-9485-43E2-A089-5DB6E829B40D}.Debug|x86.ActiveCfg = Debug|Any CPU
		{83AB305E-9485-43E2-A089-5DB6E829B40D}.Debug|x86.Build.0 = Debug|Any CPU
		{83AB305E-9485-43E2-A089-5DB6E829B40D}.Release|Any CPU.ActiveCfg = Release|Any CPU
		{83AB305E-9485-43E2-A089-5DB6E829B40D}.Release|Any CPU.Build.0 = Release|Any CPU
		{83AB305E-9485-43E2-A089-5DB6E829B40D}.Release|x64.ActiveCfg = Release|Any CPU
		{83AB305E-9485-43E2-A089-5DB6E829B40D}.Release|x64.Build.0 = Release|Any CPU
		{83AB305E-9485-43E2-A089-5DB6E829B40D}.Release|x86.ActiveCfg = Release|Any CPU
		{83AB305E-9485-43E2-A089-5DB6E829B40D}.Release|x86.Build.0 = Release|Any CPU
		{D26C57DF-1939-4C76-8481-99797F5D059B}.Debug|Any CPU.ActiveCfg = Debug|Any CPU
		{D26C57DF-1939-4C76-8481-99797F5D059B}.Debug|Any CPU.Build.0 = Debug|Any CPU
		{D26C57DF-1939-4C76-8481-99797F5D059B}.Debug|x64.ActiveCfg = Debug|Any CPU
		{D26C57DF-1939-4C76-8481-99797F5D059B}.Debug|x64.Build.0 = Debug|Any CPU
		{D26C57DF-1939-4C76-8481-99797F5D059B}.Debug|x86.ActiveCfg = Debug|Any CPU
		{D26C57DF-1939-4C76-8481-99797F5D059B}.Debug|x86.Build.0 = Debug|Any CPU
		{D26C57DF-1939-4C76-8481-99797F5D059B}.Release|Any CPU.ActiveCfg = Release|Any CPU
		{D26C57DF-1939-4C76-8481-99797F5D059B}.Release|Any CPU.Build.0 = Release|Any CPU
		{D26C57DF-1939-4C76-8481-99797F5D059B}.Release|x64.ActiveCfg = Release|Any CPU
		{D26C57DF-1939-4C76-8481-99797F5D059B}.Release|x64.Build.0 = Release|Any CPU
		{D26C57DF-1939-4C76-8481-99797F5D059B}.Release|x86.ActiveCfg = Release|Any CPU
		{D26C57DF-1939-4C76-8481-99797F5D059B}.Release|x86.Build.0 = Release|Any CPU
	EndGlobalSection
	GlobalSection(SolutionProperties) = preSolution
		HideSolutionNode = FALSE
	EndGlobalSection
	GlobalSection(ExtensibilityGlobals) = postSolution
		SolutionGuid = {13DDFB7D-326C-4378-BE41-3FDD66691BEC}
	EndGlobalSection
EndGlobal
