
Microsoft Visual Studio Solution File, Format Version 12.00
# Visual Studio Version 17
VisualStudioVersion = 17.14.36310.24 d17.14
MinimumVisualStudioVersion = 10.0.40219.1
Project("{FAE04EC0-301F-11D3-BF4B-00C04F79EFBC}") = "SwitchStatement", "SwitchStatement\SwitchStatement.csproj", "{564B58DD-C494-4FC9-B207-D2CAA04F0459}"
EndProject
Global
	GlobalSection(SolutionConfigurationPlatforms) = preSolution
		Debug|Any CPU = Debug|Any CPU
		Release|Any CPU = Release|Any CPU
	EndGlobalSection
	GlobalSection(ProjectConfigurationPlatforms) = postSolution
		{564B58DD-C494-4FC9-B207-D2CAA04F0459}.Debug|Any CPU.ActiveCfg = Debug|Any CPU
		{564B58DD-C494-4FC9-B207-D2CAA04F0459}.Debug|Any CPU.Build.0 = Debug|Any CPU
		{564B58DD-C494-4FC9-B207-D2CAA04F0459}.Release|Any CPU.ActiveCfg = Release|Any CPU
		{564B58DD-C494-4FC9-B207-D2CAA04F0459}.Release|Any CPU.Build.0 = Release|Any CPU
	EndGlobalSection
	GlobalSection(SolutionProperties) = preSolution
		HideSolutionNode = FALSE
	EndGlobalSection
	GlobalSection(ExtensibilityGlobals) = postSolution
		SolutionGuid = {4194FEA6-721B-431A-8D41-B3269FA89A1D}
	EndGlobalSection
EndGlobal
